
Microsoft Visual Studio Solution File, Format Version 12.00
# Visual Studio Version 17
VisualStudioVersion = 17.5.33516.290
MinimumVisualStudioVersion = 10.0.40219.1
Project("{FAE04EC0-301F-11D3-BF4B-00C04F79EFBC}") = "QuestWebApp", "QuestWebApp\QuestWebApp.csproj", "{79A1ED73-373D-4A05-98FA-B7BFBFD2AF7E}"
EndProject
Global
	GlobalSection(SolutionConfigurationPlatforms) = preSolution
		Debug|Any CPU = Debug|Any CPU
		Release|Any CPU = Release|Any CPU
	EndGlobalSection
	GlobalSection(ProjectConfigurationPlatforms) = postSolution
		{79A1ED73-373D-4A05-98FA-B7BFBFD2AF7E}.Debug|Any CPU.ActiveCfg = Debug|Any CPU
		{79A1ED73-373D-4A05-98FA-B7BFBFD2AF7E}.Debug|Any CPU.Build.0 = Debug|Any CPU
		{79A1ED73-373D-4A05-98FA-B7BFBFD2AF7E}.Release|Any CPU.ActiveCfg = Release|Any CPU
		{79A1ED73-373D-4A05-98FA-B7BFBFD2AF7E}.Release|Any CPU.Build.0 = Release|Any CPU
	EndGlobalSection
	GlobalSection(SolutionProperties) = preSolution
		HideSolutionNode = FALSE
	EndGlobalSection
	GlobalSection(ExtensibilityGlobals) = postSolution
		SolutionGuid = {9169E077-4D41-4B4B-B6A4-F0D2B0825DC7}
	EndGlobalSection
EndGlobal
